// !$*UTF8*$!
{
	archiveVersion = 1;
	classes = {
	};
	objectVersion = 71;
	objects = {

/* Begin PBXBuildFile section */
		A10000000000000000000001 /* NOBSApp.swift in Sources */ = {isa = PBXBuildFile; fileRef = A20000000000000000000001 /* NOBSApp.swift */; };
		A10000000000000000000002 /* ConversationView.swift in Sources */ = {isa = PBXBuildFile; fileRef = A20000000000000000000002 /* ConversationView.swift */; };
		A10000000000000000000003 /* AppModel.swift in Sources */ = {isa = PBXBuildFile; fileRef = A20000000000000000000004 /* AppModel.swift */; };
		A10000000000000000000004 /* ScannerView.swift in Sources */ = {isa = PBXBuildFile; fileRef = A20000000000000000000005 /* ScannerView.swift */; };
		A10000000000000000000005 /* ApprovalsView.swift in Sources */ = {isa = PBXBuildFile; fileRef = A20000000000000000000006 /* ApprovalsView.swift */; };
		A10000000000000000000006 /* SignInView.swift in Sources */ = {isa = PBXBuildFile; fileRef = A20000000000000000000007 /* SignInView.swift */; };
		A10000000000000000000007 /* Color+NOBS.swift in Sources */ = {isa = PBXBuildFile; fileRef = A20000000000000000000008 /* Color+NOBS.swift */; };
		C10000000000000000000001 /* KeychainAccess in Frameworks */ = {isa = PBXBuildFile; productRef = C30000000000000000000001 /* KeychainAccess */; };
		C10000000000000000000002 /* AnyCodable in Frameworks */ = {isa = PBXBuildFile; productRef = C30000000000000000000002 /* AnyCodable */; };
		D10000000000000000000001 /* NOBSTankApp.swift in Sources */ = {isa = PBXBuildFile; fileRef = D20000000000000000000001 /* NOBSTankApp.swift */; };
		D10000000000000000000002 /* TankSupervisor.swift in Sources */ = {isa = PBXBuildFile; fileRef = D20000000000000000000002 /* TankSupervisor.swift */; };
		D10000000000000000000003 /* TankClient.swift in Sources */ = {isa = PBXBuildFile; fileRef = D20000000000000000000003 /* TankClient.swift */; };
		D10000000000000000000004 /* LocalAssistant.swift in Sources */ = {isa = PBXBuildFile; fileRef = D20000000000000000000004 /* LocalAssistant.swift */; };
		D10000000000000000000005 /* MenuContentView.swift in Sources */ = {isa = PBXBuildFile; fileRef = D20000000000000000000005 /* MenuContentView.swift */; };
		D10000000000000000000006 /* AskNOBSIntent.swift in Sources */ = {isa = PBXBuildFile; fileRef = D20000000000000000000006 /* AskNOBSIntent.swift */; };
/* End PBXBuildFile section */

/* Begin PBXFileReference section */
		A20000000000000000000001 /* NOBSApp.swift */ = {isa = PBXFileReference; lastKnownFileType = sourcecode.swift; path = NOBSApp.swift; sourceTree = "<group>"; };
		A20000000000000000000002 /* ConversationView.swift */ = {isa = PBXFileReference; lastKnownFileType = sourcecode.swift; path = ConversationView.swift; sourceTree = "<group>"; };
		A20000000000000000000003 /* NOBS.app */ = {isa = PBXFileReference; explicitFileType = wrapper.application; includeInIndex = 0; path = NOBS.app; sourceTree = BUILT_PRODUCTS_DIR; };
		A20000000000000000000004 /* AppModel.swift */ = {isa = PBXFileReference; lastKnownFileType = sourcecode.swift; path = AppModel.swift; sourceTree = "<group>"; };
		A20000000000000000000005 /* ScannerView.swift */ = {isa = PBXFileReference; lastKnownFileType = sourcecode.swift; path = ScannerView.swift; sourceTree = "<group>"; };
		A20000000000000000000006 /* ApprovalsView.swift */ = {isa = PBXFileReference; lastKnownFileType = sourcecode.swift; path = ApprovalsView.swift; sourceTree = "<group>"; };
		A20000000000000000000007 /* SignInView.swift */ = {isa = PBXFileReference; lastKnownFileType = sourcecode.swift; path = SignInView.swift; sourceTree = "<group>"; };
		A20000000000000000000008 /* Color+NOBS.swift */ = {isa = PBXFileReference; lastKnownFileType = sourcecode.swift; path = "Color+NOBS.swift"; sourceTree = "<group>"; };
		A20000000000000000000009 /* NOBS.entitlements */ = {isa = PBXFileReference; lastKnownFileType = text.plist.entitlements; path = NOBS.entitlements; sourceTree = "<group>"; };
		D20000000000000000000001 /* NOBSTankApp.swift */ = {isa = PBXFileReference; lastKnownFileType = sourcecode.swift; path = NOBSTankApp.swift; sourceTree = "<group>"; };
		D20000000000000000000002 /* TankSupervisor.swift */ = {isa = PBXFileReference; lastKnownFileType = sourcecode.swift; path = TankSupervisor.swift; sourceTree = "<group>"; };
		D20000000000000000000003 /* TankClient.swift */ = {isa = PBXFileReference; lastKnownFileType = sourcecode.swift; path = TankClient.swift; sourceTree = "<group>"; };
		D20000000000000000000004 /* LocalAssistant.swift */ = {isa = PBXFileReference; lastKnownFileType = sourcecode.swift; path = LocalAssistant.swift; sourceTree = "<group>"; };
		D20000000000000000000005 /* MenuContentView.swift */ = {isa = PBXFileReference; lastKnownFileType = sourcecode.swift; path = MenuContentView.swift; sourceTree = "<group>"; };
		D20000000000000000000006 /* AskNOBSIntent.swift */ = {isa = PBXFileReference; lastKnownFileType = sourcecode.swift; path = AskNOBSIntent.swift; sourceTree = "<group>"; };
		D20000000000000000000007 /* NOBSTank.app */ = {isa = PBXFileReference; explicitFileType = wrapper.application; includeInIndex = 0; path = NOBSTank.app; sourceTree = BUILT_PRODUCTS_DIR; };
/* End PBXFileReference section */

/* Begin PBXFrameworksBuildPhase section */
		A30000000000000000000001 /* Frameworks */ = {
			isa = PBXFrameworksBuildPhase;
			buildActionMask = 2147483647;
			files = (
				C10000000000000000000002 /* AnyCodable in Frameworks */,
				C10000000000000000000001 /* KeychainAccess in Frameworks */,
			);
			runOnlyForDeploymentPostprocessing = 0;
		};
		D30000000000000000000001 /* Frameworks */ = {
			isa = PBXFrameworksBuildPhase;
			buildActionMask = 2147483647;
			files = (
			);
			runOnlyForDeploymentPostprocessing = 0;
		};
/* End PBXFrameworksBuildPhase section */

/* Begin PBXGroup section */
		A40000000000000000000001 = {
			isa = PBXGroup;
			children = (
				A40000000000000000000002 /* NOBS */,
				D40000000000000000000001 /* NOBSTankMac */,
				A40000000000000000000003 /* Products */,
			);
			sourceTree = "<group>";
		};
		D40000000000000000000001 /* NOBSTankMac */ = {
			isa = PBXGroup;
			children = (
				D20000000000000000000001 /* NOBSTankApp.swift */,
				D20000000000000000000002 /* TankSupervisor.swift */,
				D20000000000000000000003 /* TankClient.swift */,
				D20000000000000000000004 /* LocalAssistant.swift */,
				D20000000000000000000005 /* MenuContentView.swift */,
				D20000000000000000000006 /* AskNOBSIntent.swift */,
			);
			path = NOBSTankMac;
			sourceTree = "<group>";
		};
		A40000000000000000000002 /* NOBS */ = {
			isa = PBXGroup;
			children = (
				A20000000000000000000001 /* NOBSApp.swift */,
				A20000000000000000000002 /* ConversationView.swift */,
				A20000000000000000000004 /* AppModel.swift */,
				A20000000000000000000005 /* ScannerView.swift */,
				A20000000000000000000006 /* ApprovalsView.swift */,
				A20000000000000000000007 /* SignInView.swift */,
				A20000000000000000000008 /* Color+NOBS.swift */,
				A20000000000000000000009 /* NOBS.entitlements */,
			);
			path = NOBS;
			sourceTree = "<group>";
		};
		A40000000000000000000003 /* Products */ = {
			isa = PBXGroup;
			children = (
				A20000000000000000000003 /* NOBS.app */,
				D20000000000000000000007 /* NOBSTank.app */,
			);
			name = Products;
			sourceTree = "<group>";
		};
/* End PBXGroup section */

/* Begin PBXNativeTarget section */
		A50000000000000000000001 /* NOBS */ = {
			isa = PBXNativeTarget;
			buildConfigurationList = A90000000000000000000002 /* Build configuration list for PBXNativeTarget "NOBS" */;
			buildPhases = (
				A60000000000000000000001 /* Sources */,
				A30000000000000000000001 /* Frameworks */,
				A70000000000000000000001 /* Resources */,
			);
			buildRules = (
			);
			dependencies = (
			);
			name = NOBS;
			packageProductDependencies = (
				C30000000000000000000002 /* AnyCodable */,
				C30000000000000000000001 /* KeychainAccess */,
			);
			productName = NOBS;
			productReference = A20000000000000000000003 /* NOBS.app */;
			productType = "com.apple.product-type.application";
		};
		D50000000000000000000001 /* NOBSTank */ = {
			isa = PBXNativeTarget;
			buildConfigurationList = D90000000000000000000001 /* Build configuration list for PBXNativeTarget "NOBSTank" */;
			buildPhases = (
				D60000000000000000000001 /* Sources */,
				D30000000000000000000001 /* Frameworks */,
				D70000000000000000000001 /* Resources */,
			);
			buildRules = (
			);
			dependencies = (
			);
			name = NOBSTank;
			productName = NOBSTank;
			productReference = D20000000000000000000007 /* NOBSTank.app */;
			productType = "com.apple.product-type.application";
		};
/* End PBXNativeTarget section */

/* Begin PBXProject section */
		A80000000000000000000001 /* Project object */ = {
			isa = PBXProject;
			attributes = {
				BuildIndependentTargetsInParallel = 1;
				LastSwiftUpdateCheck = 2700;
				LastUpgradeCheck = 2700;
				TargetAttributes = {
					A50000000000000000000001 = {
						CreatedOnToolsVersion = 27.0;
					};
				};
			};
			buildConfigurationList = A90000000000000000000001 /* Build configuration list for PBXProject "NOBS" */;
			compatibilityVersion = "Xcode 16.0";
			developmentRegion = en;
			hasScannedForEncodings = 0;
			knownRegions = (
				en,
				Base,
			);
			mainGroup = A40000000000000000000001;
			packageReferences = (
				C20000000000000000000002 /* XCRemoteSwiftPackageReference "AnyCodable" */,
				C20000000000000000000001 /* XCRemoteSwiftPackageReference "KeychainAccess" */,
			);
			productRefGroup = A40000000000000000000003 /* Products */;
			projectDirPath = "";
			projectRoot = "";
			targets = (
				A50000000000000000000001 /* NOBS */,
				D50000000000000000000001 /* NOBSTank */,
			);
		};
/* End PBXProject section */

/* Begin PBXResourcesBuildPhase section */
		A70000000000000000000001 /* Resources */ = {
			isa = PBXResourcesBuildPhase;
			buildActionMask = 2147483647;
			files = (
			);
			runOnlyForDeploymentPostprocessing = 0;
		};
		D70000000000000000000001 /* Resources */ = {
			isa = PBXResourcesBuildPhase;
			buildActionMask = 2147483647;
			files = (
			);
			runOnlyForDeploymentPostprocessing = 0;
		};
/* End PBXResourcesBuildPhase section */

/* Begin PBXSourcesBuildPhase section */
		A60000000000000000000001 /* Sources */ = {
			isa = PBXSourcesBuildPhase;
			buildActionMask = 2147483647;
			files = (
				A10000000000000000000001 /* NOBSApp.swift in Sources */,
				A10000000000000000000002 /* ConversationView.swift in Sources */,
				A10000000000000000000003 /* AppModel.swift in Sources */,
				A10000000000000000000004 /* ScannerView.swift in Sources */,
				A10000000000000000000005 /* ApprovalsView.swift in Sources */,
				A10000000000000000000006 /* SignInView.swift in Sources */,
				A10000000000000000000007 /* Color+NOBS.swift in Sources */,
			);
			runOnlyForDeploymentPostprocessing = 0;
		};
		D60000000000000000000001 /* Sources */ = {
			isa = PBXSourcesBuildPhase;
			buildActionMask = 2147483647;
			files = (
				D10000000000000000000001 /* NOBSTankApp.swift in Sources */,
				D10000000000000000000002 /* TankSupervisor.swift in Sources */,
				D10000000000000000000003 /* TankClient.swift in Sources */,
				D10000000000000000000004 /* LocalAssistant.swift in Sources */,
				D10000000000000000000005 /* MenuContentView.swift in Sources */,
				D10000000000000000000006 /* AskNOBSIntent.swift in Sources */,
			);
			runOnlyForDeploymentPostprocessing = 0;
		};
/* End PBXSourcesBuildPhase section */

/* Begin XCRemoteSwiftPackageReference section */
		C20000000000000000000001 /* XCRemoteSwiftPackageReference "KeychainAccess" */ = {
			isa = XCRemoteSwiftPackageReference;
			repositoryURL = "https://github.com/kishikawakatsumi/KeychainAccess";
			requirement = {
				kind = upToNextMajorVersion;
				minimumVersion = 4.2.2;
			};
		};
		C20000000000000000000002 /* XCRemoteSwiftPackageReference "AnyCodable" */ = {
			isa = XCRemoteSwiftPackageReference;
			repositoryURL = "https://github.com/Flight-School/AnyCodable";
			requirement = {
				kind = upToNextMajorVersion;
				minimumVersion = 0.6.7;
			};
		};
/* End XCRemoteSwiftPackageReference section */

/* Begin XCSwiftPackageProductDependency section */
		C30000000000000000000001 /* KeychainAccess */ = {
			isa = XCSwiftPackageProductDependency;
			package = C20000000000000000000001 /* XCRemoteSwiftPackageReference "KeychainAccess" */;
			productName = KeychainAccess;
		};
		C30000000000000000000002 /* AnyCodable */ = {
			isa = XCSwiftPackageProductDependency;
			package = C20000000000000000000002 /* XCRemoteSwiftPackageReference "AnyCodable" */;
			productName = AnyCodable;
		};
/* End XCSwiftPackageProductDependency section */

/* Begin XCBuildConfiguration section */
		B10000000000000000000001 /* Debug */ = {
			isa = XCBuildConfiguration;
			buildSettings = {
				CLANG_ENABLE_MODULES = YES;
				CLANG_ENABLE_OBJC_ARC = YES;
				ENABLE_TESTABILITY = YES;
				GCC_C_LANGUAGE_STANDARD = gnu17;
				IPHONEOS_DEPLOYMENT_TARGET = 18.0;
				SDKROOT = iphoneos;
				SWIFT_ACTIVE_COMPILATION_CONDITIONS = "DEBUG $(inherited)";
				SWIFT_OPTIMIZATION_LEVEL = "-Onone";
			};
			name = Debug;
		};
		B10000000000000000000002 /* Release */ = {
			isa = XCBuildConfiguration;
			buildSettings = {
				CLANG_ENABLE_MODULES = YES;
				CLANG_ENABLE_OBJC_ARC = YES;
				GCC_C_LANGUAGE_STANDARD = gnu17;
				IPHONEOS_DEPLOYMENT_TARGET = 18.0;
				SDKROOT = iphoneos;
				SWIFT_COMPILATION_MODE = wholemodule;
				SWIFT_OPTIMIZATION_LEVEL = "-O";
			};
			name = Release;
		};
		B10000000000000000000003 /* Debug */ = {
			isa = XCBuildConfiguration;
			buildSettings = {
				CODE_SIGN_STYLE = Automatic;
				CURRENT_PROJECT_VERSION = 1;
				DEVELOPMENT_TEAM = K853LKQLAS;
				GENERATE_INFOPLIST_FILE = YES;
				INFOPLIST_FILE = NOBS/Info.plist;
				INFOPLIST_KEY_CFBundleDisplayName = NOBS;
				INFOPLIST_KEY_LSApplicationCategoryType = "public.app-category.productivity";
				INFOPLIST_KEY_NSAppTransportSecurity_NSAllowsLocalNetworking = YES;
				INFOPLIST_KEY_NSCalendarsFullAccessUsageDescription = "NOBS uses your calendar on this iPhone to build a realistic day plan and identify conflicts.";
				INFOPLIST_KEY_NSRemindersFullAccessUsageDescription = "NOBS uses your reminders on this iPhone to keep your Tank planning context up to date.";
				INFOPLIST_KEY_NSLocalNetworkUsageDescription = "NOBS connects to your private Tank to process requests on hardware you control.";
				INFOPLIST_KEY_NSCameraUsageDescription = "NOBS uses the camera to scan a QR code to pair with your local Tank.";
				INFOPLIST_KEY_UIApplicationSceneManifest_Generation = YES;
				INFOPLIST_KEY_UIApplicationSupportsIndirectInputEvents = YES;
				INFOPLIST_KEY_UILaunchScreen_Generation = YES;
				MARKETING_VERSION = 0.1.0;
				PRODUCT_BUNDLE_IDENTIFIER = com.nobsdash.nobs;
				PRODUCT_NAME = "$(TARGET_NAME)";
				SWIFT_EMIT_LOC_STRINGS = YES;
				SWIFT_VERSION = 6.0;
				TARGETED_DEVICE_FAMILY = "1,2";
			};
			name = Debug;
		};
		B10000000000000000000004 /* Release */ = {
			isa = XCBuildConfiguration;
			buildSettings = {
				CODE_SIGN_IDENTITY = "Apple Distribution";
				CODE_SIGN_STYLE = Manual;
				CURRENT_PROJECT_VERSION = 1;
				DEVELOPMENT_TEAM = K853LKQLAS;
				GENERATE_INFOPLIST_FILE = YES;
				INFOPLIST_FILE = NOBS/Info.plist;
				INFOPLIST_KEY_CFBundleDisplayName = NOBS;
				INFOPLIST_KEY_LSApplicationCategoryType = "public.app-category.productivity";
				INFOPLIST_KEY_NSAppTransportSecurity_NSAllowsLocalNetworking = YES;
				INFOPLIST_KEY_NSCalendarsFullAccessUsageDescription = "NOBS uses your calendar on this iPhone to build a realistic day plan and identify conflicts.";
				INFOPLIST_KEY_NSRemindersFullAccessUsageDescription = "NOBS uses your reminders on this iPhone to keep your Tank planning context up to date.";
				INFOPLIST_KEY_NSLocalNetworkUsageDescription = "NOBS connects to your private Tank to process requests on hardware you control.";
				INFOPLIST_KEY_NSCameraUsageDescription = "NOBS uses the camera to scan a QR code to pair with your local Tank.";
				INFOPLIST_KEY_UIApplicationSceneManifest_Generation = YES;
				INFOPLIST_KEY_UIApplicationSupportsIndirectInputEvents = YES;
				INFOPLIST_KEY_UILaunchScreen_Generation = YES;
				MARKETING_VERSION = 0.1.0;
				PRODUCT_BUNDLE_IDENTIFIER = com.nobsdash.nobs;
				PRODUCT_NAME = "$(TARGET_NAME)";
				SWIFT_EMIT_LOC_STRINGS = YES;
				SWIFT_VERSION = 6.0;
				TARGETED_DEVICE_FAMILY = "1,2";
			};
			name = Release;
		};
		D80000000000000000000001 /* Debug */ = {
			isa = XCBuildConfiguration;
			buildSettings = {
				CODE_SIGN_STYLE = Automatic;
				COMBINE_HIDPI_IMAGES = YES;
				CURRENT_PROJECT_VERSION = 1;
				DEVELOPMENT_TEAM = K853LKQLAS;
				GENERATE_INFOPLIST_FILE = YES;
				INFOPLIST_KEY_CFBundleDisplayName = "NOBS Tank";
				INFOPLIST_KEY_LSApplicationCategoryType = "public.app-category.productivity";
				INFOPLIST_KEY_LSUIElement = YES;
				INFOPLIST_KEY_NSAppTransportSecurity_NSAllowsLocalNetworking = YES;
				IPHONEOS_DEPLOYMENT_TARGET = "";
				MACOSX_DEPLOYMENT_TARGET = 27.0;
				MARKETING_VERSION = 0.1.0;
				PRODUCT_BUNDLE_IDENTIFIER = com.nobsdash.nobstank;
				PRODUCT_NAME = "$(TARGET_NAME)";
				SDKROOT = macosx;
				SWIFT_EMIT_LOC_STRINGS = YES;
				SWIFT_VERSION = 6.0;
			};
			name = Debug;
		};
		D80000000000000000000002 /* Release */ = {
			isa = XCBuildConfiguration;
			buildSettings = {
				CODE_SIGN_STYLE = Automatic;
				COMBINE_HIDPI_IMAGES = YES;
				CURRENT_PROJECT_VERSION = 1;
				DEVELOPMENT_TEAM = K853LKQLAS;
				GENERATE_INFOPLIST_FILE = YES;
				INFOPLIST_KEY_CFBundleDisplayName = "NOBS Tank";
				INFOPLIST_KEY_LSApplicationCategoryType = "public.app-category.productivity";
				INFOPLIST_KEY_LSUIElement = YES;
				INFOPLIST_KEY_NSAppTransportSecurity_NSAllowsLocalNetworking = YES;
				IPHONEOS_DEPLOYMENT_TARGET = "";
				MACOSX_DEPLOYMENT_TARGET = 27.0;
				MARKETING_VERSION = 0.1.0;
				PRODUCT_BUNDLE_IDENTIFIER = com.nobsdash.nobstank;
				PRODUCT_NAME = "$(TARGET_NAME)";
				SDKROOT = macosx;
				SWIFT_EMIT_LOC_STRINGS = YES;
				SWIFT_VERSION = 6.0;
			};
			name = Release;
		};
/* End XCBuildConfiguration section */

/* Begin XCConfigurationList section */
		A90000000000000000000001 /* Build configuration list for PBXProject "NOBS" */ = {
			isa = XCConfigurationList;
			buildConfigurations = (
				B10000000000000000000001 /* Debug */,
				B10000000000000000000002 /* Release */,
			);
			defaultConfigurationIsVisible = 0;
			defaultConfigurationName = Release;
		};
		A90000000000000000000002 /* Build configuration list for PBXNativeTarget "NOBS" */ = {
			isa = XCConfigurationList;
			buildConfigurations = (
				B10000000000000000000003 /* Debug */,
				B10000000000000000000004 /* Release */,
			);
			defaultConfigurationIsVisible = 0;
			defaultConfigurationName = Release;
		};
		D90000000000000000000001 /* Build configuration list for PBXNativeTarget "NOBSTank" */ = {
			isa = XCConfigurationList;
			buildConfigurations = (
				D80000000000000000000001 /* Debug */,
				D80000000000000000000002 /* Release */,
			);
			defaultConfigurationIsVisible = 0;
			defaultConfigurationName = Release;
		};
/* End XCConfigurationList section */
	};
	rootObject = A80000000000000000000001 /* Project object */;
}
